// !$*UTF8*$!
{
	archiveVersion = 1;
	classes = {
	};
	objectVersion = 56;
	objects = {

/* Begin PBXBuildFile section */
		DE3D468D2AFA8DAE00738E32 /* MovieTableViewCell.swift in Sources */ = {isa = PBXBuildFile; fileRef = DE3D468C2AFA8DAE00738E32 /* MovieTableViewCell.swift */; };
		DE59BA712AF90723007C211B /* AppDelegate.swift in Sources */ = {isa = PBXBuildFile; fileRef = DE59BA702AF90723007C211B /* AppDelegate.swift */; };
		DE59BA732AF90723007C211B /* SceneDelegate.swift in Sources */ = {isa = PBXBuildFile; fileRef = DE59BA722AF90723007C211B /* SceneDelegate.swift */; };
		DE59BA752AF90723007C211B /* ViewController.swift in Sources */ = {isa = PBXBuildFile; fileRef = DE59BA742AF90723007C211B /* ViewController.swift */; };
		DE59BA7A2AF90724007C211B /* Assets.xcassets in Resources */ = {isa = PBXBuildFile; fileRef = DE59BA792AF90724007C211B /* Assets.xcassets */; };
		DE59BA7D2AF90724007C211B /* LaunchScreen.storyboard in Resources */ = {isa = PBXBuildFile; fileRef = DE59BA7B2AF90724007C211B /* LaunchScreen.storyboard */; };
		DE59BA912AF90988007C211B /* SnapKit in Frameworks */ = {isa = PBXBuildFile; productRef = DE59BA902AF90988007C211B /* SnapKit */; };
		DE59BA942AF909A6007C211B /* RxBlocking in Frameworks */ = {isa = PBXBuildFile; productRef = DE59BA932AF909A6007C211B /* RxBlocking */; };
		DE59BA962AF909A6007C211B /* RxBlocking-Dynamic in Frameworks */ = {isa = PBXBuildFile; productRef = DE59BA952AF909A6007C211B /* RxBlocking-Dynamic */; };
		DE59BA982AF909A6007C211B /* RxCocoa in Frameworks */ = {isa = PBXBuildFile; productRef = DE59BA972AF909A6007C211B /* RxCocoa */; };
		DE59BA9A2AF909A6007C211B /* RxCocoa-Dynamic in Frameworks */ = {isa = PBXBuildFile; productRef = DE59BA992AF909A6007C211B /* RxCocoa-Dynamic */; };
		DE59BA9C2AF909A6007C211B /* RxRelay in Frameworks */ = {isa = PBXBuildFile; productRef = DE59BA9B2AF909A6007C211B /* RxRelay */; };
		DE59BA9E2AF909A6007C211B /* RxRelay-Dynamic in Frameworks */ = {isa = PBXBuildFile; productRef = DE59BA9D2AF909A6007C211B /* RxRelay-Dynamic */; };
		DE59BAA02AF909A6007C211B /* RxSwift in Frameworks */ = {isa = PBXBuildFile; productRef = DE59BA9F2AF909A6007C211B /* RxSwift */; };
		DE59BAA22AF909A6007C211B /* RxSwift-Dynamic in Frameworks */ = {isa = PBXBuildFile; productRef = DE59BAA12AF909A6007C211B /* RxSwift-Dynamic */; };
		DE59BAA52AF90AE4007C211B /* Constant.swift in Sources */ = {isa = PBXBuildFile; fileRef = DE59BAA42AF90AE4007C211B /* Constant.swift */; };
		DE59BAAB2AF915FA007C211B /* NetworkError.swift in Sources */ = {isa = PBXBuildFile; fileRef = DE59BAAA2AF915FA007C211B /* NetworkError.swift */; };
		DE59BAAF2AF919E1007C211B /* Movie.swift in Sources */ = {isa = PBXBuildFile; fileRef = DE59BAAE2AF919E1007C211B /* Movie.swift */; };
		DE59BAB12AF91AC6007C211B /* APIService.swift in Sources */ = {isa = PBXBuildFile; fileRef = DE59BAB02AF91AC6007C211B /* APIService.swift */; };
/* End PBXBuildFile section */

/* Begin PBXFileReference section */
		DE3D468C2AFA8DAE00738E32 /* MovieTableViewCell.swift */ = {isa = PBXFileReference; lastKnownFileType = sourcecode.swift; path = MovieTableViewCell.swift; sourceTree = "<group>"; };
		DE59BA6D2AF90723007C211B /* BoxOfficeAPI-RxSwift.app */ = {isa = PBXFileReference; explicitFileType = wrapper.application; includeInIndex = 0; path = "BoxOfficeAPI-RxSwift.app"; sourceTree = BUILT_PRODUCTS_DIR; };
		DE59BA702AF90723007C211B /* AppDelegate.swift */ = {isa = PBXFileReference; lastKnownFileType = sourcecode.swift; path = AppDelegate.swift; sourceTree = "<group>"; };
		DE59BA722AF90723007C211B /* SceneDelegate.swift */ = {isa = PBXFileReference; lastKnownFileType = sourcecode.swift; path = SceneDelegate.swift; sourceTree = "<group>"; };
		DE59BA742AF90723007C211B /* ViewController.swift */ = {isa = PBXFileReference; lastKnownFileType = sourcecode.swift; path = ViewController.swift; sourceTree = "<group>"; };
		DE59BA792AF90724007C211B /* Assets.xcassets */ = {isa = PBXFileReference; lastKnownFileType = folder.assetcatalog; path = Assets.xcassets; sourceTree = "<group>"; };
		DE59BA7C2AF90724007C211B /* Base */ = {isa = PBXFileReference; lastKnownFileType = file.storyboard; name = Base; path = Base.lproj/LaunchScreen.storyboard; sourceTree = "<group>"; };
		DE59BA7E2AF90724007C211B /* Info.plist */ = {isa = PBXFileReference; lastKnownFileType = text.plist.xml; path = Info.plist; sourceTree = "<group>"; };
		DE59BAA42AF90AE4007C211B /* Constant.swift */ = {isa = PBXFileReference; lastKnownFileType = sourcecode.swift; path = Constant.swift; sourceTree = "<group>"; };
		DE59BAAA2AF915FA007C211B /* NetworkError.swift */ = {isa = PBXFileReference; lastKnownFileType = sourcecode.swift; path = NetworkError.swift; sourceTree = "<group>"; };
		DE59BAAE2AF919E1007C211B /* Movie.swift */ = {isa = PBXFileReference; lastKnownFileType = sourcecode.swift; path = Movie.swift; sourceTree = "<group>"; };
		DE59BAB02AF91AC6007C211B /* APIService.swift */ = {isa = PBXFileReference; lastKnownFileType = sourcecode.swift; path = APIService.swift; sourceTree = "<group>"; };
/* End PBXFileReference section */

/* Begin PBXFrameworksBuildPhase section */
		DE59BA6A2AF90723007C211B /* Frameworks */ = {
			isa = PBXFrameworksBuildPhase;
			buildActionMask = 2147483647;
			files = (
				DE59BAA02AF909A6007C211B /* RxSwift in Frameworks */,
				DE59BA9E2AF909A6007C211B /* RxRelay-Dynamic in Frameworks */,
				DE59BA942AF909A6007C211B /* RxBlocking in Frameworks */,
				DE59BA9C2AF909A6007C211B /* RxRelay in Frameworks */,
				DE59BA982AF909A6007C211B /* RxCocoa in Frameworks */,
				DE59BAA22AF909A6007C211B /* RxSwift-Dynamic in Frameworks */,
				DE59BA912AF90988007C211B /* SnapKit in Frameworks */,
				DE59BA9A2AF909A6007C211B /* RxCocoa-Dynamic in Frameworks */,
				DE59BA962AF909A6007C211B /* RxBlocking-Dynamic in Frameworks */,
			);
			runOnlyForDeploymentPostprocessing = 0;
		};
/* End PBXFrameworksBuildPhase section */

/* Begin PBXGroup section */
		DE3D468B2AFA8DA100738E32 /* Cell */ = {
			isa = PBXGroup;
			children = (
				DE3D468C2AFA8DAE00738E32 /* MovieTableViewCell.swift */,
			);
			path = Cell;
			sourceTree = "<group>";
		};
		DE59BA642AF90723007C211B = {
			isa = PBXGroup;
			children = (
				DE59BA6F2AF90723007C211B /* BoxOfficeAPI-RxSwift */,
				DE59BA6E2AF90723007C211B /* Products */,
			);
			sourceTree = "<group>";
		};
		DE59BA6E2AF90723007C211B /* Products */ = {
			isa = PBXGroup;
			children = (
				DE59BA6D2AF90723007C211B /* BoxOfficeAPI-RxSwift.app */,
			);
			name = Products;
			sourceTree = "<group>";
		};
		DE59BA6F2AF90723007C211B /* BoxOfficeAPI-RxSwift */ = {
			isa = PBXGroup;
			children = (
				DE59BAA32AF90ADD007C211B /* Helper */,
				DE59BA872AF90854007C211B /* APIService */,
				DE59BA862AF90845007C211B /* Model */,
				DE3D468B2AFA8DA100738E32 /* Cell */,
				DE59BA842AF90840007C211B /* ViewController */,
				DE59BA882AF9085B007C211B /* App */,
				DE59BA792AF90724007C211B /* Assets.xcassets */,
				DE59BA7B2AF90724007C211B /* LaunchScreen.storyboard */,
				DE59BA7E2AF90724007C211B /* Info.plist */,
			);
			path = "BoxOfficeAPI-RxSwift";
			sourceTree = "<group>";
		};
		DE59BA842AF90840007C211B /* ViewController */ = {
			isa = PBXGroup;
			children = (
				DE59BA742AF90723007C211B /* ViewController.swift */,
			);
			path = ViewController;
			sourceTree = "<group>";
		};
		DE59BA862AF90845007C211B /* Model */ = {
			isa = PBXGroup;
			children = (
				DE59BAAE2AF919E1007C211B /* Movie.swift */,
			);
			path = Model;
			sourceTree = "<group>";
		};
		DE59BA872AF90854007C211B /* APIService */ = {
			isa = PBXGroup;
			children = (
				DE59BAAA2AF915FA007C211B /* NetworkError.swift */,
				DE59BAB02AF91AC6007C211B /* APIService.swift */,
			);
			path = APIService;
			sourceTree = "<group>";
		};
		DE59BA882AF9085B007C211B /* App */ = {
			isa = PBXGroup;
			children = (
				DE59BA702AF90723007C211B /* AppDelegate.swift */,
				DE59BA722AF90723007C211B /* SceneDelegate.swift */,
			);
			path = App;
			sourceTree = "<group>";
		};
		DE59BAA32AF90ADD007C211B /* Helper */ = {
			isa = PBXGroup;
			children = (
				DE59BAA42AF90AE4007C211B /* Constant.swift */,
			);
			path = Helper;
			sourceTree = "<group>";
		};
/* End PBXGroup section */

/* Begin PBXNativeTarget section */
		DE59BA6C2AF90723007C211B /* BoxOfficeAPI-RxSwift */ = {
			isa = PBXNativeTarget;
			buildConfigurationList = DE59BA812AF90724007C211B /* Build configuration list for PBXNativeTarget "BoxOfficeAPI-RxSwift" */;
			buildPhases = (
				DE59BA692AF90723007C211B /* Sources */,
				DE59BA6A2AF90723007C211B /* Frameworks */,
				DE59BA6B2AF90723007C211B /* Resources */,
			);
			buildRules = (
			);
			dependencies = (
			);
			name = "BoxOfficeAPI-RxSwift";
			packageProductDependencies = (
				DE59BA902AF90988007C211B /* SnapKit */,
				DE59BA932AF909A6007C211B /* RxBlocking */,
				DE59BA952AF909A6007C211B /* RxBlocking-Dynamic */,
				DE59BA972AF909A6007C211B /* RxCocoa */,
				DE59BA992AF909A6007C211B /* RxCocoa-Dynamic */,
				DE59BA9B2AF909A6007C211B /* RxRelay */,
				DE59BA9D2AF909A6007C211B /* RxRelay-Dynamic */,
				DE59BA9F2AF909A6007C211B /* RxSwift */,
				DE59BAA12AF909A6007C211B /* RxSwift-Dynamic */,
			);
			productName = "BoxOfficeAPI-RxSwift";
			productReference = DE59BA6D2AF90723007C211B /* BoxOfficeAPI-RxSwift.app */;
			productType = "com.apple.product-type.application";
		};
/* End PBXNativeTarget section */

/* Begin PBXProject section */
		DE59BA652AF90723007C211B /* Project object */ = {
			isa = PBXProject;
			attributes = {
				BuildIndependentTargetsInParallel = 1;
				LastSwiftUpdateCheck = 1500;
				LastUpgradeCheck = 1500;
				TargetAttributes = {
					DE59BA6C2AF90723007C211B = {
						CreatedOnToolsVersion = 15.0.1;
					};
				};
			};
			buildConfigurationList = DE59BA682AF90723007C211B /* Build configuration list for PBXProject "BoxOfficeAPI-RxSwift" */;
			compatibilityVersion = "Xcode 14.0";
			developmentRegion = en;
			hasScannedForEncodings = 0;
			knownRegions = (
				en,
				Base,
			);
			mainGroup = DE59BA642AF90723007C211B;
			packageReferences = (
				DE59BA8F2AF90988007C211B /* XCRemoteSwiftPackageReference "SnapKit" */,
				DE59BA922AF909A6007C211B /* XCRemoteSwiftPackageReference "RxSwift" */,
			);
			productRefGroup = DE59BA6E2AF90723007C211B /* Products */;
			projectDirPath = "";
			projectRoot = "";
			targets = (
				DE59BA6C2AF90723007C211B /* BoxOfficeAPI-RxSwift */,
			);
		};
/* End PBXProject section */

/* Begin PBXResourcesBuildPhase section */
		DE59BA6B2AF90723007C211B /* Resources */ = {
			isa = PBXResourcesBuildPhase;
			buildActionMask = 2147483647;
			files = (
				DE59BA7D2AF90724007C211B /* LaunchScreen.storyboard in Resources */,
				DE59BA7A2AF90724007C211B /* Assets.xcassets in Resources */,
			);
			runOnlyForDeploymentPostprocessing = 0;
		};
/* End PBXResourcesBuildPhase section */

/* Begin PBXSourcesBuildPhase section */
		DE59BA692AF90723007C211B /* Sources */ = {
			isa = PBXSourcesBuildPhase;
			buildActionMask = 2147483647;
			files = (
				DE59BAAB2AF915FA007C211B /* NetworkError.swift in Sources */,
				DE59BA752AF90723007C211B /* ViewController.swift in Sources */,
				DE59BA712AF90723007C211B /* AppDelegate.swift in Sources */,
				DE59BA732AF90723007C211B /* SceneDelegate.swift in Sources */,
				DE59BAB12AF91AC6007C211B /* APIService.swift in Sources */,
				DE59BAAF2AF919E1007C211B /* Movie.swift in Sources */,
				DE3D468D2AFA8DAE00738E32 /* MovieTableViewCell.swift in Sources */,
				DE59BAA52AF90AE4007C211B /* Constant.swift in Sources */,
			);
			runOnlyForDeploymentPostprocessing = 0;
		};
/* End PBXSourcesBuildPhase section */

/* Begin PBXVariantGroup section */
		DE59BA7B2AF90724007C211B /* LaunchScreen.storyboard */ = {
			isa = PBXVariantGroup;
			children = (
				DE59BA7C2AF90724007C211B /* Base */,
			);
			name = LaunchScreen.storyboard;
			sourceTree = "<group>";
		};
/* End PBXVariantGroup section */

/* Begin XCBuildConfiguration section */
		DE59BA7F2AF90724007C211B /* Debug */ = {
			isa = XCBuildConfiguration;
			buildSettings = {
				ALWAYS_SEARCH_USER_PATHS = NO;
				ASSETCATALOG_COMPILER_GENERATE_SWIFT_ASSET_SYMBOL_EXTENSIONS = YES;
				CLANG_ANALYZER_NONNULL = YES;
				CLANG_ANALYZER_NUMBER_OBJECT_CONVERSION = YES_AGGRESSIVE;
				CLANG_CXX_LANGUAGE_STANDARD = "gnu++20";
				CLANG_ENABLE_MODULES = YES;
				CLANG_ENABLE_OBJC_ARC = YES;
				CLANG_ENABLE_OBJC_WEAK = YES;
				CLANG_WARN_BLOCK_CAPTURE_AUTORELEASING = YES;
				CLANG_WARN_BOOL_CONVERSION = YES;
				CLANG_WARN_COMMA = YES;
				CLANG_WARN_CONSTANT_CONVERSION = YES;
				CLANG_WARN_DEPRECATED_OBJC_IMPLEMENTATIONS = YES;
				CLANG_WARN_DIRECT_OBJC_ISA_USAGE = YES_ERROR;
				CLANG_WARN_DOCUMENTATION_COMMENTS = YES;
				CLANG_WARN_EMPTY_BODY = YES;
				CLANG_WARN_ENUM_CONVERSION = YES;
				CLANG_WARN_INFINITE_RECURSION = YES;
				CLANG_WARN_INT_CONVERSION = YES;
				CLANG_WARN_NON_LITERAL_NULL_CONVERSION = YES;
				CLANG_WARN_OBJC_IMPLICIT_RETAIN_SELF = YES;
				CLANG_WARN_OBJC_LITERAL_CONVERSION = YES;
				CLANG_WARN_OBJC_ROOT_CLASS = YES_ERROR;
				CLANG_WARN_QUOTED_INCLUDE_IN_FRAMEWORK_HEADER = YES;
				CLANG_WARN_RANGE_LOOP_ANALYSIS = YES;
				CLANG_WARN_STRICT_PROTOTYPES = YES;
				CLANG_WARN_SUSPICIOUS_MOVE = YES;
				CLANG_WARN_UNGUARDED_AVAILABILITY = YES_AGGRESSIVE;
				CLANG_WARN_UNREACHABLE_CODE = YES;
				CLANG_WARN__DUPLICATE_METHOD_MATCH = YES;
				COPY_PHASE_STRIP = NO;
				DEBUG_INFORMATION_FORMAT = dwarf;
				ENABLE_STRICT_OBJC_MSGSEND = YES;
				ENABLE_TESTABILITY = YES;
				ENABLE_USER_SCRIPT_SANDBOXING = YES;
				GCC_C_LANGUAGE_STANDARD = gnu17;
				GCC_DYNAMIC_NO_PIC = NO;
				GCC_NO_COMMON_BLOCKS = YES;
				GCC_OPTIMIZATION_LEVEL = 0;
				GCC_PREPROCESSOR_DEFINITIONS = (
					"DEBUG=1",
					"$(inherited)",
				);
				GCC_WARN_64_TO_32_BIT_CONVERSION = YES;
				GCC_WARN_ABOUT_RETURN_TYPE = YES_ERROR;
				GCC_WARN_UNDECLARED_SELECTOR = YES;
				GCC_WARN_UNINITIALIZED_AUTOS = YES_AGGRESSIVE;
				GCC_WARN_UNUSED_FUNCTION = YES;
				GCC_WARN_UNUSED_VARIABLE = YES;
				IPHONEOS_DEPLOYMENT_TARGET = 15.0;
				LOCALIZATION_PREFERS_STRING_CATALOGS = YES;
				MTL_ENABLE_DEBUG_INFO = INCLUDE_SOURCE;
				MTL_FAST_MATH = YES;
				ONLY_ACTIVE_ARCH = YES;
				SDKROOT = iphoneos;
				SWIFT_ACTIVE_COMPILATION_CONDITIONS = "DEBUG $(inherited)";
				SWIFT_OPTIMIZATION_LEVEL = "-Onone";
			};
			name = Debug;
		};
		DE59BA802AF90724007C211B /* Release */ = {
			isa = XCBuildConfiguration;
			buildSettings = {
				ALWAYS_SEARCH_USER_PATHS = NO;
				ASSETCATALOG_COMPILER_GENERATE_SWIFT_ASSET_SYMBOL_EXTENSIONS = YES;
				CLANG_ANALYZER_NONNULL = YES;
				CLANG_ANALYZER_NUMBER_OBJECT_CONVERSION = YES_AGGRESSIVE;
				CLANG_CXX_LANGUAGE_STANDARD = "gnu++20";
				CLANG_ENABLE_MODULES = YES;
				CLANG_ENABLE_OBJC_ARC = YES;
				CLANG_ENABLE_OBJC_WEAK = YES;
				CLANG_WARN_BLOCK_CAPTURE_AUTORELEASING = YES;
				CLANG_WARN_BOOL_CONVERSION = YES;
				CLANG_WARN_COMMA = YES;
				CLANG_WARN_CONSTANT_CONVERSION = YES;
				CLANG_WARN_DEPRECATED_OBJC_IMPLEMENTATIONS = YES;
				CLANG_WARN_DIRECT_OBJC_ISA_USAGE = YES_ERROR;
				CLANG_WARN_DOCUMENTATION_COMMENTS = YES;
				CLANG_WARN_EMPTY_BODY = YES;
				CLANG_WARN_ENUM_CONVERSION = YES;
				CLANG_WARN_INFINITE_RECURSION = YES;
				CLANG_WARN_INT_CONVERSION = YES;
				CLANG_WARN_NON_LITERAL_NULL_CONVERSION = YES;
				CLANG_WARN_OBJC_IMPLICIT_RETAIN_SELF = YES;
				CLANG_WARN_OBJC_LITERAL_CONVERSION = YES;
				CLANG_WARN_OBJC_ROOT_CLASS = YES_ERROR;
				CLANG_WARN_QUOTED_INCLUDE_IN_FRAMEWORK_HEADER = YES;
				CLANG_WARN_RANGE_LOOP_ANALYSIS = YES;
				CLANG_WARN_STRICT_PROTOTYPES = YES;
				CLANG_WARN_SUSPICIOUS_MOVE = YES;
				CLANG_WARN_UNGUARDED_AVAILABILITY = YES_AGGRESSIVE;
				CLANG_WARN_UNREACHABLE_CODE = YES;
				CLANG_WARN__DUPLICATE_METHOD_MATCH = YES;
				COPY_PHASE_STRIP = NO;
				DEBUG_INFORMATION_FORMAT = "dwarf-with-dsym";
				ENABLE_NS_ASSERTIONS = NO;
				ENABLE_STRICT_OBJC_MSGSEND = YES;
				ENABLE_USER_SCRIPT_SANDBOXING = YES;
				GCC_C_LANGUAGE_STANDARD = gnu17;
				GCC_NO_COMMON_BLOCKS = YES;
				GCC_WARN_64_TO_32_BIT_CONVERSION = YES;
				GCC_WARN_ABOUT_RETURN_TYPE = YES_ERROR;
				GCC_WARN_UNDECLARED_SELECTOR = YES;
				GCC_WARN_UNINITIALIZED_AUTOS = YES_AGGRESSIVE;
				GCC_WARN_UNUSED_FUNCTION = YES;
				GCC_WARN_UNUSED_VARIABLE = YES;
				IPHONEOS_DEPLOYMENT_TARGET = 15.0;
				LOCALIZATION_PREFERS_STRING_CATALOGS = YES;
				MTL_ENABLE_DEBUG_INFO = NO;
				MTL_FAST_MATH = YES;
				SDKROOT = iphoneos;
				SWIFT_COMPILATION_MODE = wholemodule;
				VALIDATE_PRODUCT = YES;
			};
			name = Release;
		};
		DE59BA822AF90724007C211B /* Debug */ = {
			isa = XCBuildConfiguration;
			buildSettings = {
				ASSETCATALOG_COMPILER_APPICON_NAME = AppIcon;
				ASSETCATALOG_COMPILER_GLOBAL_ACCENT_COLOR_NAME = AccentColor;
				CODE_SIGN_STYLE = Automatic;
				CURRENT_PROJECT_VERSION = 1;
				DEVELOPMENT_TEAM = R5RPU2QP33;
				GENERATE_INFOPLIST_FILE = YES;
				INFOPLIST_FILE = "BoxOfficeAPI-RxSwift/Info.plist";
				INFOPLIST_KEY_UIApplicationSupportsIndirectInputEvents = YES;
				INFOPLIST_KEY_UILaunchStoryboardName = LaunchScreen;
				INFOPLIST_KEY_UISupportedInterfaceOrientations_iPad = "UIInterfaceOrientationPortrait UIInterfaceOrientationPortraitUpsideDown UIInterfaceOrientationLandscapeLeft UIInterfaceOrientationLandscapeRight";
				INFOPLIST_KEY_UISupportedInterfaceOrientations_iPhone = "UIInterfaceOrientationPortrait UIInterfaceOrientationLandscapeLeft UIInterfaceOrientationLandscapeRight";
				IPHONEOS_DEPLOYMENT_TARGET = 15.0;
				LD_RUNPATH_SEARCH_PATHS = (
					"$(inherited)",
					"@executable_path/Frameworks",
				);
				MARKETING_VERSION = 1.0;
				PRODUCT_BUNDLE_IDENTIFIER = "unicus.fortis.BoxOfficeAPI-RxSwift";
				PRODUCT_NAME = "$(TARGET_NAME)";
				SUPPORTED_PLATFORMS = "iphoneos iphonesimulator";
				SUPPORTS_MACCATALYST = NO;
				SUPPORTS_MAC_DESIGNED_FOR_IPHONE_IPAD = NO;
				SWIFT_EMIT_LOC_STRINGS = YES;
				SWIFT_VERSION = 5.0;
				TARGETED_DEVICE_FAMILY = 1;
			};
			name = Debug;
		};
		DE59BA832AF90724007C211B /* Release */ = {
			isa = XCBuildConfiguration;
			buildSettings = {
				ASSETCATALOG_COMPILER_APPICON_NAME = AppIcon;
				ASSETCATALOG_COMPILER_GLOBAL_ACCENT_COLOR_NAME = AccentColor;
				CODE_SIGN_STYLE = Automatic;
				CURRENT_PROJECT_VERSION = 1;
				DEVELOPMENT_TEAM = R5RPU2QP33;
				GENERATE_INFOPLIST_FILE = YES;
				INFOPLIST_FILE = "BoxOfficeAPI-RxSwift/Info.plist";
				INFOPLIST_KEY_UIApplicationSupportsIndirectInputEvents = YES;
				INFOPLIST_KEY_UILaunchStoryboardName = LaunchScreen;
				INFOPLIST_KEY_UISupportedInterfaceOrientations_iPad = "UIInterfaceOrientationPortrait UIInterfaceOrientationPortraitUpsideDown UIInterfaceOrientationLandscapeLeft UIInterfaceOrientationLandscapeRight";
				INFOPLIST_KEY_UISupportedInterfaceOrientations_iPhone = "UIInterfaceOrientationPortrait UIInterfaceOrientationLandscapeLeft UIInterfaceOrientationLandscapeRight";
				IPHONEOS_DEPLOYMENT_TARGET = 15.0;
				LD_RUNPATH_SEARCH_PATHS = (
					"$(inherited)",
					"@executable_path/Frameworks",
				);
				MARKETING_VERSION = 1.0;
				PRODUCT_BUNDLE_IDENTIFIER = "unicus.fortis.BoxOfficeAPI-RxSwift";
				PRODUCT_NAME = "$(TARGET_NAME)";
				SUPPORTED_PLATFORMS = "iphoneos iphonesimulator";
				SUPPORTS_MACCATALYST = NO;
				SUPPORTS_MAC_DESIGNED_FOR_IPHONE_IPAD = NO;
				SWIFT_EMIT_LOC_STRINGS = YES;
				SWIFT_VERSION = 5.0;
				TARGETED_DEVICE_FAMILY = 1;
			};
			name = Release;
		};
/* End XCBuildConfiguration section */

/* Begin XCConfigurationList section */
		DE59BA682AF90723007C211B /* Build configuration list for PBXProject "BoxOfficeAPI-RxSwift" */ = {
			isa = XCConfigurationList;
			buildConfigurations = (
				DE59BA7F2AF90724007C211B /* Debug */,
				DE59BA802AF90724007C211B /* Release */,
			);
			defaultConfigurationIsVisible = 0;
			defaultConfigurationName = Release;
		};
		DE59BA812AF90724007C211B /* Build configuration list for PBXNativeTarget "BoxOfficeAPI-RxSwift" */ = {
			isa = XCConfigurationList;
			buildConfigurations = (
				DE59BA822AF90724007C211B /* Debug */,
				DE59BA832AF90724007C211B /* Release */,
			);
			defaultConfigurationIsVisible = 0;
			defaultConfigurationName = Release;
		};
/* End XCConfigurationList section */

/* Begin XCRemoteSwiftPackageReference section */
		DE59BA8F2AF90988007C211B /* XCRemoteSwiftPackageReference "SnapKit" */ = {
			isa = XCRemoteSwiftPackageReference;
			repositoryURL = "https://github.com/SnapKit/SnapKit";
			requirement = {
				kind = upToNextMajorVersion;
				minimumVersion = 5.6.0;
			};
		};
		DE59BA922AF909A6007C211B /* XCRemoteSwiftPackageReference "RxSwift" */ = {
			isa = XCRemoteSwiftPackageReference;
			repositoryURL = "https://github.com/ReactiveX/RxSwift";
			requirement = {
				kind = upToNextMajorVersion;
				minimumVersion = 6.6.0;
			};
		};
/* End XCRemoteSwiftPackageReference section */

/* Begin XCSwiftPackageProductDependency section */
		DE59BA902AF90988007C211B /* SnapKit */ = {
			isa = XCSwiftPackageProductDependency;
			package = DE59BA8F2AF90988007C211B /* XCRemoteSwiftPackageReference "SnapKit" */;
			productName = SnapKit;
		};
		DE59BA932AF909A6007C211B /* RxBlocking */ = {
			isa = XCSwiftPackageProductDependency;
			package = DE59BA922AF909A6007C211B /* XCRemoteSwiftPackageReference "RxSwift" */;
			productName = RxBlocking;
		};
		DE59BA952AF909A6007C211B /* RxBlocking-Dynamic */ = {
			isa = XCSwiftPackageProductDependency;
			package = DE59BA922AF909A6007C211B /* XCRemoteSwiftPackageReference "RxSwift" */;
			productName = "RxBlocking-Dynamic";
		};
		DE59BA972AF909A6007C211B /* RxCocoa */ = {
			isa = XCSwiftPackageProductDependency;
			package = DE59BA922AF909A6007C211B /* XCRemoteSwiftPackageReference "RxSwift" */;
			productName = RxCocoa;
		};
		DE59BA992AF909A6007C211B /* RxCocoa-Dynamic */ = {
			isa = XCSwiftPackageProductDependency;
			package = DE59BA922AF909A6007C211B /* XCRemoteSwiftPackageReference "RxSwift" */;
			productName = "RxCocoa-Dynamic";
		};
		DE59BA9B2AF909A6007C211B /* RxRelay */ = {
			isa = XCSwiftPackageProductDependency;
			package = DE59BA922AF909A6007C211B /* XCRemoteSwiftPackageReference "RxSwift" */;
			productName = RxRelay;
		};
		DE59BA9D2AF909A6007C211B /* RxRelay-Dynamic */ = {
			isa = XCSwiftPackageProductDependency;
			package = DE59BA922AF909A6007C211B /* XCRemoteSwiftPackageReference "RxSwift" */;
			productName = "RxRelay-Dynamic";
		};
		DE59BA9F2AF909A6007C211B /* RxSwift */ = {
			isa = XCSwiftPackageProductDependency;
			package = DE59BA922AF909A6007C211B /* XCRemoteSwiftPackageReference "RxSwift" */;
			productName = RxSwift;
		};
		DE59BAA12AF909A6007C211B /* RxSwift-Dynamic */ = {
			isa = XCSwiftPackageProductDependency;
			package = DE59BA922AF909A6007C211B /* XCRemoteSwiftPackageReference "RxSwift" */;
			productName = "RxSwift-Dynamic";
		};
/* End XCSwiftPackageProductDependency section */
	};
	rootObject = DE59BA652AF90723007C211B /* Project object */;
}
